// !$*UTF8*$!
{
	archiveVersion = 1;
	classes = {
	};
	objectVersion = 51;
	objects = {

/* Begin PBXBuildFile section */
		4961E0D7B28B9A6B7CB8975E /* Pods_HW2_10.framework in Frameworks */ = {isa = PBXBuildFile; fileRef = DBA15FCAE1D2C6990DB337EF /* Pods_HW2_10.framework */; };
		7F13D87A255E8F7000BAFDFB /* AppDelegate.swift in Sources */ = {isa = PBXBuildFile; fileRef = 7F13D879255E8F7000BAFDFB /* AppDelegate.swift */; };
		7F13D87C255E8F7000BAFDFB /* SceneDelegate.swift in Sources */ = {isa = PBXBuildFile; fileRef = 7F13D87B255E8F7000BAFDFB /* SceneDelegate.swift */; };
		7F13D881255E8F7000BAFDFB /* Main.storyboard in Resources */ = {isa = PBXBuildFile; fileRef = 7F13D87F255E8F7000BAFDFB /* Main.storyboard */; };
		7F13D883255E8F7500BAFDFB /* Assets.xcassets in Resources */ = {isa = PBXBuildFile; fileRef = 7F13D882255E8F7500BAFDFB /* Assets.xcassets */; };
		7F13D886255E8F7500BAFDFB /* LaunchScreen.storyboard in Resources */ = {isa = PBXBuildFile; fileRef = 7F13D884255E8F7500BAFDFB /* LaunchScreen.storyboard */; };
		7F9AFA9D2561C3920052B9D2 /* NetWorkManager.swift in Sources */ = {isa = PBXBuildFile; fileRef = 7F9AFA9C2561C3920052B9D2 /* NetWorkManager.swift */; };
		7FC37AB425611307002A0459 /* BtcRate.swift in Sources */ = {isa = PBXBuildFile; fileRef = 7FC37AB325611307002A0459 /* BtcRate.swift */; };
		7FC37AB82561361B002A0459 /* CryptoPairCell.swift in Sources */ = {isa = PBXBuildFile; fileRef = 7FC37AB72561361B002A0459 /* CryptoPairCell.swift */; };
		7FC37ABB25613671002A0459 /* CryptoCollectionViewController.swift in Sources */ = {isa = PBXBuildFile; fileRef = 7FC37ABA25613671002A0459 /* CryptoCollectionViewController.swift */; };
		7FC37AC625616383002A0459 /* CryptoDetailsViewController.swift in Sources */ = {isa = PBXBuildFile; fileRef = 7FC37AC525616383002A0459 /* CryptoDetailsViewController.swift */; };
/* End PBXBuildFile section */

/* Begin PBXFileReference section */
		3E987AA166B0BDDF77D0EF0F /* Pods-HW2.10.release.xcconfig */ = {isa = PBXFileReference; includeInIndex = 1; lastKnownFileType = text.xcconfig; name = "Pods-HW2.10.release.xcconfig"; path = "Target Support Files/Pods-HW2.10/Pods-HW2.10.release.xcconfig"; sourceTree = "<group>"; };
		4EAB93AABE3FFD41065CC7AB /* Pods-HW2.10.debug.xcconfig */ = {isa = PBXFileReference; includeInIndex = 1; lastKnownFileType = text.xcconfig; name = "Pods-HW2.10.debug.xcconfig"; path = "Target Support Files/Pods-HW2.10/Pods-HW2.10.debug.xcconfig"; sourceTree = "<group>"; };
		7F13D876255E8F7000BAFDFB /* HW2.10.app */ = {isa = PBXFileReference; explicitFileType = wrapper.application; includeInIndex = 0; path = HW2.10.app; sourceTree = BUILT_PRODUCTS_DIR; };
		7F13D879255E8F7000BAFDFB /* AppDelegate.swift */ = {isa = PBXFileReference; lastKnownFileType = sourcecode.swift; path = AppDelegate.swift; sourceTree = "<group>"; };
		7F13D87B255E8F7000BAFDFB /* SceneDelegate.swift */ = {isa = PBXFileReference; lastKnownFileType = sourcecode.swift; path = SceneDelegate.swift; sourceTree = "<group>"; };
		7F13D880255E8F7000BAFDFB /* Base */ = {isa = PBXFileReference; lastKnownFileType = file.storyboard; name = Base; path = Base.lproj/Main.storyboard; sourceTree = "<group>"; };
		7F13D882255E8F7500BAFDFB /* Assets.xcassets */ = {isa = PBXFileReference; lastKnownFileType = folder.assetcatalog; path = Assets.xcassets; sourceTree = "<group>"; };
		7F13D885255E8F7500BAFDFB /* Base */ = {isa = PBXFileReference; lastKnownFileType = file.storyboard; name = Base; path = Base.lproj/LaunchScreen.storyboard; sourceTree = "<group>"; };
		7F13D887255E8F7500BAFDFB /* Info.plist */ = {isa = PBXFileReference; lastKnownFileType = text.plist.xml; path = Info.plist; sourceTree = "<group>"; };
		7F9AFA9C2561C3920052B9D2 /* NetWorkManager.swift */ = {isa = PBXFileReference; lastKnownFileType = sourcecode.swift; path = NetWorkManager.swift; sourceTree = "<group>"; };
		7FC37AB325611307002A0459 /* BtcRate.swift */ = {isa = PBXFileReference; lastKnownFileType = sourcecode.swift; path = BtcRate.swift; sourceTree = "<group>"; };
		7FC37AB72561361B002A0459 /* CryptoPairCell.swift */ = {isa = PBXFileReference; lastKnownFileType = sourcecode.swift; path = CryptoPairCell.swift; sourceTree = "<group>"; };
		7FC37ABA25613671002A0459 /* CryptoCollectionViewController.swift */ = {isa = PBXFileReference; lastKnownFileType = sourcecode.swift; path = CryptoCollectionViewController.swift; sourceTree = "<group>"; };
		7FC37AC525616383002A0459 /* CryptoDetailsViewController.swift */ = {isa = PBXFileReference; lastKnownFileType = sourcecode.swift; path = CryptoDetailsViewController.swift; sourceTree = "<group>"; };
		DBA15FCAE1D2C6990DB337EF /* Pods_HW2_10.framework */ = {isa = PBXFileReference; explicitFileType = wrapper.framework; includeInIndex = 0; path = Pods_HW2_10.framework; sourceTree = BUILT_PRODUCTS_DIR; };
/* End PBXFileReference section */

/* Begin PBXFrameworksBuildPhase section */
		7F13D873255E8F7000BAFDFB /* Frameworks */ = {
			isa = PBXFrameworksBuildPhase;
			buildActionMask = 2147483647;
			files = (
				4961E0D7B28B9A6B7CB8975E /* Pods_HW2_10.framework in Frameworks */,
			);
			runOnlyForDeploymentPostprocessing = 0;
		};
/* End PBXFrameworksBuildPhase section */

/* Begin PBXGroup section */
		70EA707A0250B6F26F2EBC0D /* Pods */ = {
			isa = PBXGroup;
			children = (
				4EAB93AABE3FFD41065CC7AB /* Pods-HW2.10.debug.xcconfig */,
				3E987AA166B0BDDF77D0EF0F /* Pods-HW2.10.release.xcconfig */,
			);
			path = Pods;
			sourceTree = "<group>";
		};
		7F13D86D255E8F7000BAFDFB = {
			isa = PBXGroup;
			children = (
				7F13D878255E8F7000BAFDFB /* HW2.10 */,
				7F13D877255E8F7000BAFDFB /* Products */,
				70EA707A0250B6F26F2EBC0D /* Pods */,
				A00E121BF27A134BA9054045 /* Frameworks */,
			);
			sourceTree = "<group>";
		};
		7F13D877255E8F7000BAFDFB /* Products */ = {
			isa = PBXGroup;
			children = (
				7F13D876255E8F7000BAFDFB /* HW2.10.app */,
			);
			name = Products;
			sourceTree = "<group>";
		};
		7F13D878255E8F7000BAFDFB /* HW2.10 */ = {
			isa = PBXGroup;
			children = (
				7F9AFA972561C1510052B9D2 /* Network */,
				7FC37AB2256112A2002A0459 /* Model */,
				7FC37A98255EA756002A0459 /* ViewControllers */,
				7FC37A9B255EA765002A0459 /* StoryBoards */,
				7FC37A9C255EA777002A0459 /* System */,
			);
			path = HW2.10;
			sourceTree = "<group>";
		};
		7F9AFA972561C1510052B9D2 /* Network */ = {
			isa = PBXGroup;
			children = (
				7F9AFA9C2561C3920052B9D2 /* NetWorkManager.swift */,
			);
			path = Network;
			sourceTree = "<group>";
		};
		7FC37A98255EA756002A0459 /* ViewControllers */ = {
			isa = PBXGroup;
			children = (
				7FC37ABA25613671002A0459 /* CryptoCollectionViewController.swift */,
				7FC37AB72561361B002A0459 /* CryptoPairCell.swift */,
				7FC37AC525616383002A0459 /* CryptoDetailsViewController.swift */,
			);
			path = ViewControllers;
			sourceTree = "<group>";
		};
		7FC37A9B255EA765002A0459 /* StoryBoards */ = {
			isa = PBXGroup;
			children = (
				7F13D87F255E8F7000BAFDFB /* Main.storyboard */,
				7F13D884255E8F7500BAFDFB /* LaunchScreen.storyboard */,
			);
			path = StoryBoards;
			sourceTree = "<group>";
		};
		7FC37A9C255EA777002A0459 /* System */ = {
			isa = PBXGroup;
			children = (
				7F13D879255E8F7000BAFDFB /* AppDelegate.swift */,
				7F13D87B255E8F7000BAFDFB /* SceneDelegate.swift */,
				7F13D882255E8F7500BAFDFB /* Assets.xcassets */,
				7F13D887255E8F7500BAFDFB /* Info.plist */,
			);
			path = System;
			sourceTree = "<group>";
		};
		7FC37AB2256112A2002A0459 /* Model */ = {
			isa = PBXGroup;
			children = (
				7FC37AB325611307002A0459 /* BtcRate.swift */,
			);
			name = Model;
			sourceTree = "<group>";
		};
		A00E121BF27A134BA9054045 /* Frameworks */ = {
			isa = PBXGroup;
			children = (
				DBA15FCAE1D2C6990DB337EF /* Pods_HW2_10.framework */,
			);
			name = Frameworks;
			sourceTree = "<group>";
		};
/* End PBXGroup section */

/* Begin PBXNativeTarget section */
		7F13D875255E8F7000BAFDFB /* HW2.10 */ = {
			isa = PBXNativeTarget;
			buildConfigurationList = 7F13D88A255E8F7500BAFDFB /* Build configuration list for PBXNativeTarget "HW2.10" */;
			buildPhases = (
				F1591CF2EEF72CC78CE2C479 /* [CP] Check Pods Manifest.lock */,
				7F13D872255E8F7000BAFDFB /* Sources */,
				7F13D873255E8F7000BAFDFB /* Frameworks */,
				7F13D874255E8F7000BAFDFB /* Resources */,
				6DEBCA7A2DFF5BB550F1B8B4 /* [CP] Embed Pods Frameworks */,
			);
			buildRules = (
			);
			dependencies = (
			);
			name = HW2.10;
			productName = HW2.10;
			productReference = 7F13D876255E8F7000BAFDFB /* HW2.10.app */;
			productType = "com.apple.product-type.application";
		};
/* End PBXNativeTarget section */

/* Begin PBXProject section */
		7F13D86E255E8F7000BAFDFB /* Project object */ = {
			isa = PBXProject;
			attributes = {
				LastSwiftUpdateCheck = 1220;
				LastUpgradeCheck = 1220;
				TargetAttributes = {
					7F13D875255E8F7000BAFDFB = {
						CreatedOnToolsVersion = 12.2;
					};
				};
			};
			buildConfigurationList = 7F13D871255E8F7000BAFDFB /* Build configuration list for PBXProject "HW2.10" */;
			compatibilityVersion = "Xcode 9.3";
			developmentRegion = en;
			hasScannedForEncodings = 0;
			knownRegions = (
				en,
				Base,
			);
			mainGroup = 7F13D86D255E8F7000BAFDFB;
			productRefGroup = 7F13D877255E8F7000BAFDFB /* Products */;
			projectDirPath = "";
			projectRoot = "";
			targets = (
				7F13D875255E8F7000BAFDFB /* HW2.10 */,
			);
		};
/* End PBXProject section */

/* Begin PBXResourcesBuildPhase section */
		7F13D874255E8F7000BAFDFB /* Resources */ = {
			isa = PBXResourcesBuildPhase;
			buildActionMask = 2147483647;
			files = (
				7F13D886255E8F7500BAFDFB /* LaunchScreen.storyboard in Resources */,
				7F13D883255E8F7500BAFDFB /* Assets.xcassets in Resources */,
				7F13D881255E8F7000BAFDFB /* Main.storyboard in Resources */,
			);
			runOnlyForDeploymentPostprocessing = 0;
		};
/* End PBXResourcesBuildPhase section */

/* Begin PBXShellScriptBuildPhase section */
		6DEBCA7A2DFF5BB550F1B8B4 /* [CP] Embed Pods Frameworks */ = {
			isa = PBXShellScriptBuildPhase;
			buildActionMask = 2147483647;
			files = (
			);
			inputFileListPaths = (
				"${PODS_ROOT}/Target Support Files/Pods-HW2.10/Pods-HW2.10-frameworks-${CONFIGURATION}-input-files.xcfilelist",
			);
			name = "[CP] Embed Pods Frameworks";
			outputFileListPaths = (
				"${PODS_ROOT}/Target Support Files/Pods-HW2.10/Pods-HW2.10-frameworks-${CONFIGURATION}-output-files.xcfilelist",
			);
			runOnlyForDeploymentPostprocessing = 0;
			shellPath = /bin/sh;
			shellScript = "\"${PODS_ROOT}/Target Support Files/Pods-HW2.10/Pods-HW2.10-frameworks.sh\"\n";
			showEnvVarsInLog = 0;
		};
		F1591CF2EEF72CC78CE2C479 /* [CP] Check Pods Manifest.lock */ = {
			isa = PBXShellScriptBuildPhase;
			buildActionMask = 2147483647;
			files = (
			);
			inputFileListPaths = (
			);
			inputPaths = (
				"${PODS_PODFILE_DIR_PATH}/Podfile.lock",
				"${PODS_ROOT}/Manifest.lock",
			);
			name = "[CP] Check Pods Manifest.lock";
			outputFileListPaths = (
			);
			outputPaths = (
				"$(DERIVED_FILE_DIR)/Pods-HW2.10-checkManifestLockResult.txt",
			);
			runOnlyForDeploymentPostprocessing = 0;
			shellPath = /bin/sh;
			shellScript = "diff \"${PODS_PODFILE_DIR_PATH}/Podfile.lock\" \"${PODS_ROOT}/Manifest.lock\" > /dev/null\nif [ $? != 0 ] ; then\n    # print error to STDERR\n    echo \"error: The sandbox is not in sync with the Podfile.lock. Run 'pod install' or update your CocoaPods installation.\" >&2\n    exit 1\nfi\n# This output is used by Xcode 'outputs' to avoid re-running this script phase.\necho \"SUCCESS\" > \"${SCRIPT_OUTPUT_FILE_0}\"\n";
			showEnvVarsInLog = 0;
		};
/* End PBXShellScriptBuildPhase section */

/* Begin PBXSourcesBuildPhase section */
		7F13D872255E8F7000BAFDFB /* Sources */ = {
			isa = PBXSourcesBuildPhase;
			buildActionMask = 2147483647;
			files = (
				7F9AFA9D2561C3920052B9D2 /* NetWorkManager.swift in Sources */,
				7FC37AB82561361B002A0459 /* CryptoPairCell.swift in Sources */,
				7FC37ABB25613671002A0459 /* CryptoCollectionViewController.swift in Sources */,
				7F13D87A255E8F7000BAFDFB /* AppDelegate.swift in Sources */,
				7F13D87C255E8F7000BAFDFB /* SceneDelegate.swift in Sources */,
				7FC37AC625616383002A0459 /* CryptoDetailsViewController.swift in Sources */,
				7FC37AB425611307002A0459 /* BtcRate.swift in Sources */,
			);
			runOnlyForDeploymentPostprocessing = 0;
		};
/* End PBXSourcesBuildPhase section */

/* Begin PBXVariantGroup section */
		7F13D87F255E8F7000BAFDFB /* Main.storyboard */ = {
			isa = PBXVariantGroup;
			children = (
				7F13D880255E8F7000BAFDFB /* Base */,
			);
			name = Main.storyboard;
			sourceTree = "<group>";
		};
		7F13D884255E8F7500BAFDFB /* LaunchScreen.storyboard */ = {
			isa = PBXVariantGroup;
			children = (
				7F13D885255E8F7500BAFDFB /* Base */,
			);
			name = LaunchScreen.storyboard;
			sourceTree = "<group>";
		};
/* End PBXVariantGroup section */

/* Begin XCBuildConfiguration section */
		7F13D888255E8F7500BAFDFB /* Debug */ = {
			isa = XCBuildConfiguration;
			buildSettings = {
				ALWAYS_SEARCH_USER_PATHS = NO;
				CLANG_ANALYZER_NONNULL = YES;
				CLANG_ANALYZER_NUMBER_OBJECT_CONVERSION = YES_AGGRESSIVE;
				CLANG_CXX_LANGUAGE_STANDARD = "gnu++14";
				CLANG_CXX_LIBRARY = "libc++";
				CLANG_ENABLE_MODULES = YES;
				CLANG_ENABLE_OBJC_ARC = YES;
				CLANG_ENABLE_OBJC_WEAK = YES;
				CLANG_WARN_BLOCK_CAPTURE_AUTORELEASING = YES;
				CLANG_WARN_BOOL_CONVERSION = YES;
				CLANG_WARN_COMMA = YES;
				CLANG_WARN_CONSTANT_CONVERSION = YES;
				CLANG_WARN_DEPRECATED_OBJC_IMPLEMENTATIONS = YES;
				CLANG_WARN_DIRECT_OBJC_ISA_USAGE = YES_ERROR;
				CLANG_WARN_DOCUMENTATION_COMMENTS = YES;
				CLANG_WARN_EMPTY_BODY = YES;
				CLANG_WARN_ENUM_CONVERSION = YES;
				CLANG_WARN_INFINITE_RECURSION = YES;
				CLANG_WARN_INT_CONVERSION = YES;
				CLANG_WARN_NON_LITERAL_NULL_CONVERSION = YES;
				CLANG_WARN_OBJC_IMPLICIT_RETAIN_SELF = YES;
				CLANG_WARN_OBJC_LITERAL_CONVERSION = YES;
				CLANG_WARN_OBJC_ROOT_CLASS = YES_ERROR;
				CLANG_WARN_QUOTED_INCLUDE_IN_FRAMEWORK_HEADER = YES;
				CLANG_WARN_RANGE_LOOP_ANALYSIS = YES;
				CLANG_WARN_STRICT_PROTOTYPES = YES;
				CLANG_WARN_SUSPICIOUS_MOVE = YES;
				CLANG_WARN_UNGUARDED_AVAILABILITY = YES_AGGRESSIVE;
				CLANG_WARN_UNREACHABLE_CODE = YES;
				CLANG_WARN__DUPLICATE_METHOD_MATCH = YES;
				COPY_PHASE_STRIP = NO;
				DEBUG_INFORMATION_FORMAT = dwarf;
				ENABLE_STRICT_OBJC_MSGSEND = YES;
				ENABLE_TESTABILITY = YES;
				GCC_C_LANGUAGE_STANDARD = gnu11;
				GCC_DYNAMIC_NO_PIC = NO;
				GCC_NO_COMMON_BLOCKS = YES;
				GCC_OPTIMIZATION_LEVEL = 0;
				GCC_PREPROCESSOR_DEFINITIONS = (
					"DEBUG=1",
					"$(inherited)",
				);
				GCC_WARN_64_TO_32_BIT_CONVERSION = YES;
				GCC_WARN_ABOUT_RETURN_TYPE = YES_ERROR;
				GCC_WARN_UNDECLARED_SELECTOR = YES;
				GCC_WARN_UNINITIALIZED_AUTOS = YES_AGGRESSIVE;
				GCC_WARN_UNUSED_FUNCTION = YES;
				GCC_WARN_UNUSED_VARIABLE = YES;
				IPHONEOS_DEPLOYMENT_TARGET = 14.2;
				MTL_ENABLE_DEBUG_INFO = INCLUDE_SOURCE;
				MTL_FAST_MATH = YES;
				ONLY_ACTIVE_ARCH = YES;
				SDKROOT = iphoneos;
				SWIFT_ACTIVE_COMPILATION_CONDITIONS = DEBUG;
				SWIFT_OPTIMIZATION_LEVEL = "-Onone";
			};
			name = Debug;
		};
		7F13D889255E8F7500BAFDFB /* Release */ = {
			isa = XCBuildConfiguration;
			buildSettings = {
				ALWAYS_SEARCH_USER_PATHS = NO;
				CLANG_ANALYZER_NONNULL = YES;
				CLANG_ANALYZER_NUMBER_OBJECT_CONVERSION = YES_AGGRESSIVE;
				CLANG_CXX_LANGUAGE_STANDARD = "gnu++14";
				CLANG_CXX_LIBRARY = "libc++";
				CLANG_ENABLE_MODULES = YES;
				CLANG_ENABLE_OBJC_ARC = YES;
				CLANG_ENABLE_OBJC_WEAK = YES;
				CLANG_WARN_BLOCK_CAPTURE_AUTORELEASING = YES;
				CLANG_WARN_BOOL_CONVERSION = YES;
				CLANG_WARN_COMMA = YES;
				CLANG_WARN_CONSTANT_CONVERSION = YES;
				CLANG_WARN_DEPRECATED_OBJC_IMPLEMENTATIONS = YES;
				CLANG_WARN_DIRECT_OBJC_ISA_USAGE = YES_ERROR;
				CLANG_WARN_DOCUMENTATION_COMMENTS = YES;
				CLANG_WARN_EMPTY_BODY = YES;
				CLANG_WARN_ENUM_CONVERSION = YES;
				CLANG_WARN_INFINITE_RECURSION = YES;
				CLANG_WARN_INT_CONVERSION = YES;
				CLANG_WARN_NON_LITERAL_NULL_CONVERSION = YES;
				CLANG_WARN_OBJC_IMPLICIT_RETAIN_SELF = YES;
				CLANG_WARN_OBJC_LITERAL_CONVERSION = YES;
				CLANG_WARN_OBJC_ROOT_CLASS = YES_ERROR;
				CLANG_WARN_QUOTED_INCLUDE_IN_FRAMEWORK_HEADER = YES;
				CLANG_WARN_RANGE_LOOP_ANALYSIS = YES;
				CLANG_WARN_STRICT_PROTOTYPES = YES;
				CLANG_WARN_SUSPICIOUS_MOVE = YES;
				CLANG_WARN_UNGUARDED_AVAILABILITY = YES_AGGRESSIVE;
				CLANG_WARN_UNREACHABLE_CODE = YES;
				CLANG_WARN__DUPLICATE_METHOD_MATCH = YES;
				COPY_PHASE_STRIP = NO;
				DEBUG_INFORMATION_FORMAT = "dwarf-with-dsym";
				ENABLE_NS_ASSERTIONS = NO;
				ENABLE_STRICT_OBJC_MSGSEND = YES;
				GCC_C_LANGUAGE_STANDARD = gnu11;
				GCC_NO_COMMON_BLOCKS = YES;
				GCC_WARN_64_TO_32_BIT_CONVERSION = YES;
				GCC_WARN_ABOUT_RETURN_TYPE = YES_ERROR;
				GCC_WARN_UNDECLARED_SELECTOR = YES;
				GCC_WARN_UNINITIALIZED_AUTOS = YES_AGGRESSIVE;
				GCC_WARN_UNUSED_FUNCTION = YES;
				GCC_WARN_UNUSED_VARIABLE = YES;
				IPHONEOS_DEPLOYMENT_TARGET = 14.2;
				MTL_ENABLE_DEBUG_INFO = NO;
				MTL_FAST_MATH = YES;
				SDKROOT = iphoneos;
				SWIFT_COMPILATION_MODE = wholemodule;
				SWIFT_OPTIMIZATION_LEVEL = "-O";
				VALIDATE_PRODUCT = YES;
			};
			name = Release;
		};
		7F13D88B255E8F7500BAFDFB /* Debug */ = {
			isa = XCBuildConfiguration;
			baseConfigurationReference = 4EAB93AABE3FFD41065CC7AB /* Pods-HW2.10.debug.xcconfig */;
			buildSettings = {
				ASSETCATALOG_COMPILER_APPICON_NAME = AppIcon;
				ASSETCATALOG_COMPILER_GLOBAL_ACCENT_COLOR_NAME = AccentColor;
				CODE_SIGN_STYLE = Automatic;
				DEVELOPMENT_TEAM = WM9XM3NC73;
				INFOPLIST_FILE = HW2.10/System/Info.plist;
				LD_RUNPATH_SEARCH_PATHS = (
					"$(inherited)",
					"@executable_path/Frameworks",
				);
				PRODUCT_BUNDLE_IDENTIFIER = "Tokarev-Dmitry.HW2-10";
				PRODUCT_NAME = "$(TARGET_NAME)";
				SWIFT_VERSION = 5.0;
				TARGETED_DEVICE_FAMILY = 1;
			};
			name = Debug;
		};
		7F13D88C255E8F7500BAFDFB /* Release */ = {
			isa = XCBuildConfiguration;
			baseConfigurationReference = 3E987AA166B0BDDF77D0EF0F /* Pods-HW2.10.release.xcconfig */;
			buildSettings = {
				ASSETCATALOG_COMPILER_APPICON_NAME = AppIcon;
				ASSETCATALOG_COMPILER_GLOBAL_ACCENT_COLOR_NAME = AccentColor;
				CODE_SIGN_STYLE = Automatic;
				DEVELOPMENT_TEAM = WM9XM3NC73;
				INFOPLIST_FILE = HW2.10/System/Info.plist;
				LD_RUNPATH_SEARCH_PATHS = (
					"$(inherited)",
					"@executable_path/Frameworks",
				);
				PRODUCT_BUNDLE_IDENTIFIER = "Tokarev-Dmitry.HW2-10";
				PRODUCT_NAME = "$(TARGET_NAME)";
				SWIFT_VERSION = 5.0;
				TARGETED_DEVICE_FAMILY = 1;
			};
			name = Release;
		};
/* End XCBuildConfiguration section */

/* Begin XCConfigurationList section */
		7F13D871255E8F7000BAFDFB /* Build configuration list for PBXProject "HW2.10" */ = {
			isa = XCConfigurationList;
			buildConfigurations = (
				7F13D888255E8F7500BAFDFB /* Debug */,
				7F13D889255E8F7500BAFDFB /* Release */,
			);
			defaultConfigurationIsVisible = 0;
			defaultConfigurationName = Release;
		};
		7F13D88A255E8F7500BAFDFB /* Build configuration list for PBXNativeTarget "HW2.10" */ = {
			isa = XCConfigurationList;
			buildConfigurations = (
				7F13D88B255E8F7500BAFDFB /* Debug */,
				7F13D88C255E8F7500BAFDFB /* Release */,
			);
			defaultConfigurationIsVisible = 0;
			defaultConfigurationName = Release;
		};
/* End XCConfigurationList section */
	};
	rootObject = 7F13D86E255E8F7000BAFDFB /* Project object */;
}
